dependencies:
- name: postgresql
  repository: https://charts.bitnami.com/bitnami
  version: 11.1.12
- name: elasticsearch
  repository: https://helm.elastic.co
  version: 7.16.2
- name: kibana
  repository: https://helm.elastic.co
  version: 7.16.2
- name: logsight-backend
  repository: file://helm-chart-logsight/charts/logsight-backend
  version: 0.1.0
- name: logsight
  repository: file://helm-chart-logsight/charts/logsight-core
  version: 0.1.0
- name: logsight-frontend
  repository: file://helm-chart-logsight/charts/logsight-frontend
  version: 0.1.0
- name: logsight-result-api
  repository: file://helm-chart-logsight/charts/logsight-result-api
  version: 0.1.0
digest: sha256:551fd5c722305448422047508611f34fad3e526f6850aa76df1209ddf9f4f052
generated: "2022-03-31T15:59:19.659444+02:00"
