dependencies:
- name: postgresql
  repository: https://charts.bitnami.com/bitnami
  version: 11.1.12
- name: elasticsearch
  repository: https://helm.elastic.co
  version: 7.16.2
- name: kibana
  repository: https://helm.elastic.co
  version: 7.16.2
- name: logsight-backend
  repository: file://./charts/logsight-backend
  version: 0.1.1
- name: logsight
  repository: file://./charts/logsight-core
  version: 0.1.1
- name: logsight-frontend
  repository: file://./charts/logsight-frontend
  version: 0.1.1
- name: logsight-result-api
  repository: file://./charts/logsight-result-api
  version: 0.1.1
digest: sha256:e302782d9e2fdaf76fdb2f7cce881eb0af54b8445f1d61a1b8d796d808a11550
generated: "2022-06-20T11:34:06.029708+02:00"
