dependencies:
- name: kafka
  repository: https://charts.bitnami.com/bitnami
  version: 16.3.2
- name: postgresql
  repository: https://charts.bitnami.com/bitnami
  version: 11.1.12
- name: elasticsearch
  repository: https://helm.elastic.co
  version: 7.16.2
- name: kibana
  repository: https://helm.elastic.co
  version: 7.16.2
- name: logsight-backend
  repository: file://./charts/logsight-backend
  version: 0.1.1
- name: logsight
  repository: file://./charts/logsight-core
  version: 0.1.1
- name: logsight-frontend
  repository: file://./charts/logsight-frontend
  version: 0.1.1
- name: logsight-result-api
  repository: file://./charts/logsight-result-api
  version: 0.1.1
digest: sha256:bc692ae85084c19bab563b14926ca7fb057a698306850122c4b121a2ef8f48d5
generated: "2022-06-22T09:53:38.042186+02:00"
